
Microsoft Visual Studio Solution File, Format Version 12.00
# Visual Studio Version 16
VisualStudioVersion = 16.0.29728.190
MinimumVisualStudioVersion = 10.0.40219.1
Project("{FAE04EC0-301F-11D3-BF4B-00C04F79EFBC}") = "ABCVEN.Data", "ABCVEN.Data\ABCVEN.Data.csproj", "{0F882786-C17B-4D6C-88E8-60AC7D243386}"
EndProject
Project("{FAE04EC0-301F-11D3-BF4B-00C04F79EFBC}") = "ABCVEN.Client", "ABCVEN.Client\ABCVEN.Client.csproj", "{4EC7BE5D-1FFA-4E32-85CF-A686BA727FEE}"
EndProject
Project("{FAE04EC0-301F-11D3-BF4B-00C04F79EFBC}") = "ABCVEN.Entity", "ABCVEN.Entity\ABCVEN.Entity.csproj", "{2AEFB4A2-F26F-4CF5-9D3C-34FD53EBC5BF}"
EndProject
Project("{FAE04EC0-301F-11D3-BF4B-00C04F79EFBC}") = "TestConsole", "TestConsole\TestConsole.csproj", "{151B17F9-0C85-432F-83AF-EF05965646DF}"
EndProject
Global
	GlobalSection(SolutionConfigurationPlatforms) = preSolution
		Debug|Any CPU = Debug|Any CPU
		Release|Any CPU = Release|Any CPU
	EndGlobalSection
	GlobalSection(ProjectConfigurationPlatforms) = postSolution
		{0F882786-C17B-4D6C-88E8-60AC7D243386}.Debug|Any CPU.ActiveCfg = Debug|Any CPU
		{0F882786-C17B-4D6C-88E8-60AC7D243386}.Debug|Any CPU.Build.0 = Debug|Any CPU
		{0F882786-C17B-4D6C-88E8-60AC7D243386}.Release|Any CPU.ActiveCfg = Release|Any CPU
		{0F882786-C17B-4D6C-88E8-60AC7D243386}.Release|Any CPU.Build.0 = Release|Any CPU
		{4EC7BE5D-1FFA-4E32-85CF-A686BA727FEE}.Debug|Any CPU.ActiveCfg = Debug|Any CPU
		{4EC7BE5D-1FFA-4E32-85CF-A686BA727FEE}.Debug|Any CPU.Build.0 = Debug|Any CPU
		{4EC7BE5D-1FFA-4E32-85CF-A686BA727FEE}.Release|Any CPU.ActiveCfg = Release|Any CPU
		{4EC7BE5D-1FFA-4E32-85CF-A686BA727FEE}.Release|Any CPU.Build.0 = Release|Any CPU
		{2AEFB4A2-F26F-4CF5-9D3C-34FD53EBC5BF}.Debug|Any CPU.ActiveCfg = Debug|Any CPU
		{2AEFB4A2-F26F-4CF5-9D3C-34FD53EBC5BF}.Debug|Any CPU.Build.0 = Debug|Any CPU
		{2AEFB4A2-F26F-4CF5-9D3C-34FD53EBC5BF}.Release|Any CPU.ActiveCfg = Release|Any CPU
		{2AEFB4A2-F26F-4CF5-9D3C-34FD53EBC5BF}.Release|Any CPU.Build.0 = Release|Any CPU
		{151B17F9-0C85-432F-83AF-EF05965646DF}.Debug|Any CPU.ActiveCfg = Debug|Any CPU
		{151B17F9-0C85-432F-83AF-EF05965646DF}.Debug|Any CPU.Build.0 = Debug|Any CPU
		{151B17F9-0C85-432F-83AF-EF05965646DF}.Release|Any CPU.ActiveCfg = Release|Any CPU
		{151B17F9-0C85-432F-83AF-EF05965646DF}.Release|Any CPU.Build.0 = Release|Any CPU
	EndGlobalSection
	GlobalSection(SolutionProperties) = preSolution
		HideSolutionNode = FALSE
	EndGlobalSection
	GlobalSection(ExtensibilityGlobals) = postSolution
		SolutionGuid = {C9B0639B-C65B-42BD-A5FE-A8AD786B5199}
	EndGlobalSection
EndGlobal
